
Microsoft Visual Studio Solution File, Format Version 12.00
# Visual Studio Version 17
VisualStudioVersion = 17.14.36705.20 d17.14
MinimumVisualStudioVersion = 10.0.40219.1
Project("{FAE04EC0-301F-11D3-BF4B-00C04F79EFBC}") = "block-racing-test", "block-racing-test\block-racing-test.csproj", "{5686FE99-5976-49EC-819B-A1BAFE7628DD}"
EndProject
Project("{FAE04EC0-301F-11D3-BF4B-00C04F79EFBC}") = "block-racing-common", "..\block-racing-common\block-racing-common.csproj", "{7C4099C9-B7C8-BE70-4082-7FE519B92E43}"
EndProject
Global
	GlobalSection(SolutionConfigurationPlatforms) = preSolution
		Debug|Any CPU = Debug|Any CPU
		Release|Any CPU = Release|Any CPU
	EndGlobalSection
	GlobalSection(ProjectConfigurationPlatforms) = postSolution
		{5686FE99-5976-49EC-819B-A1BAFE7628DD}.Debug|Any CPU.ActiveCfg = Debug|Any CPU
		{5686FE99-5976-49EC-819B-A1BAFE7628DD}.Debug|Any CPU.Build.0 = Debug|Any CPU
		{5686FE99-5976-49EC-819B-A1BAFE7628DD}.Release|Any CPU.ActiveCfg = Release|Any CPU
		{5686FE99-5976-49EC-819B-A1BAFE7628DD}.Release|Any CPU.Build.0 = Release|Any CPU
		{7C4099C9-B7C8-BE70-4082-7FE519B92E43}.Debug|Any CPU.ActiveCfg = Debug|Any CPU
		{7C4099C9-B7C8-BE70-4082-7FE519B92E43}.Debug|Any CPU.Build.0 = Debug|Any CPU
		{7C4099C9-B7C8-BE70-4082-7FE519B92E43}.Release|Any CPU.ActiveCfg = Release|Any CPU
		{7C4099C9-B7C8-BE70-4082-7FE519B92E43}.Release|Any CPU.Build.0 = Release|Any CPU
	EndGlobalSection
	GlobalSection(SolutionProperties) = preSolution
		HideSolutionNode = FALSE
	EndGlobalSection
	GlobalSection(ExtensibilityGlobals) = postSolution
		SolutionGuid = {2485AEFE-9F4B-4080-BB20-7671BA02ED17}
	EndGlobalSection
EndGlobal
